
Microsoft Visual Studio Solution File, Format Version 12.00
Project("{FAE04EC0-301F-11D3-BF4B-00C04F79EFBC}") = "MongoDemo.API", "MongoDemo.API\MongoDemo.API.csproj", "{3BB07764-9329-4754-B1F0-E0BD59517637}"
EndProject
Project("{FAE04EC0-301F-11D3-BF4B-00C04F79EFBC}") = "MongoDemo.Db", "MongoDemo.Db\MongoDemo.Db.csproj", "{59FF609D-21CA-420F-92B7-E124E12EB9BE}"
EndProject
Project("{FAE04EC0-301F-11D3-BF4B-00C04F79EFBC}") = "MongoDemo.Core", "MongoDemo.Core\MongoDemo.Core.csproj", "{CDE6AFBA-312C-40C5-8EB8-7B55F05AD392}"
EndProject
Global
	GlobalSection(SolutionConfigurationPlatforms) = preSolution
		Debug|Any CPU = Debug|Any CPU
		Release|Any CPU = Release|Any CPU
	EndGlobalSection
	GlobalSection(ProjectConfigurationPlatforms) = postSolution
		{3BB07764-9329-4754-B1F0-E0BD59517637}.Debug|Any CPU.ActiveCfg = Debug|Any CPU
		{3BB07764-9329-4754-B1F0-E0BD59517637}.Debug|Any CPU.Build.0 = Debug|Any CPU
		{3BB07764-9329-4754-B1F0-E0BD59517637}.Release|Any CPU.ActiveCfg = Release|Any CPU
		{3BB07764-9329-4754-B1F0-E0BD59517637}.Release|Any CPU.Build.0 = Release|Any CPU
		{59FF609D-21CA-420F-92B7-E124E12EB9BE}.Debug|Any CPU.ActiveCfg = Debug|Any CPU
		{59FF609D-21CA-420F-92B7-E124E12EB9BE}.Debug|Any CPU.Build.0 = Debug|Any CPU
		{59FF609D-21CA-420F-92B7-E124E12EB9BE}.Release|Any CPU.ActiveCfg = Release|Any CPU
		{59FF609D-21CA-420F-92B7-E124E12EB9BE}.Release|Any CPU.Build.0 = Release|Any CPU
		{CDE6AFBA-312C-40C5-8EB8-7B55F05AD392}.Debug|Any CPU.ActiveCfg = Debug|Any CPU
		{CDE6AFBA-312C-40C5-8EB8-7B55F05AD392}.Debug|Any CPU.Build.0 = Debug|Any CPU
		{CDE6AFBA-312C-40C5-8EB8-7B55F05AD392}.Release|Any CPU.ActiveCfg = Release|Any CPU
		{CDE6AFBA-312C-40C5-8EB8-7B55F05AD392}.Release|Any CPU.Build.0 = Release|Any CPU
	EndGlobalSection
EndGlobal
